
Microsoft Visual Studio Solution File, Format Version 12.00
# Visual Studio Version 17
VisualStudioVersion = 17.0.31903.59
MinimumVisualStudioVersion = 10.0.40219.1
Project("{2150E333-8FDC-42A3-9474-1A3956D46DE8}") = "src", "src", "{827E0CD3-B72D-47B6-A68D-7590B98EB39B}"
EndProject
Project("{FAE04EC0-301F-11D3-BF4B-00C04F79EFBC}") = "BusinessOperationsSaaS.API", "src\BusinessOperationsSaaS.API\BusinessOperationsSaaS.API.csproj", "{C47F5D79-748E-49AD-8E93-260013B6D24D}"
EndProject
Project("{FAE04EC0-301F-11D3-BF4B-00C04F79EFBC}") = "BusinessOperationsSaaS.Domain", "src\BusinessOperationsSaaS.Domain\BusinessOperationsSaaS.Domain.csproj", "{48319E31-F57F-4796-91CC-C4B61574417B}"
EndProject
Project("{FAE04EC0-301F-11D3-BF4B-00C04F79EFBC}") = "BusinessOperationsSaaS.Application", "src\BusinessOperationsSaaS.Application\BusinessOperationsSaaS.Application.csproj", "{9259038C-8240-4634-A24D-2874EBF4C1A3}"
EndProject
Project("{FAE04EC0-301F-11D3-BF4B-00C04F79EFBC}") = "BusinessOperationsSaaS.Infrastructure", "src\BusinessOperationsSaaS.Infrastructure\BusinessOperationsSaaS.Infrastructure.csproj", "{22EA2584-A4B8-43AF-9391-1373ED0969DB}"
EndProject
Global
	GlobalSection(SolutionConfigurationPlatforms) = preSolution
		Debug|Any CPU = Debug|Any CPU
		Debug|x64 = Debug|x64
		Debug|x86 = Debug|x86
		Release|Any CPU = Release|Any CPU
		Release|x64 = Release|x64
		Release|x86 = Release|x86
	EndGlobalSection
	GlobalSection(ProjectConfigurationPlatforms) = postSolution
		{C47F5D79-748E-49AD-8E93-260013B6D24D}.Debug|Any CPU.ActiveCfg = Debug|Any CPU
		{C47F5D79-748E-49AD-8E93-260013B6D24D}.Debug|Any CPU.Build.0 = Debug|Any CPU
		{C47F5D79-748E-49AD-8E93-260013B6D24D}.Debug|x64.ActiveCfg = Debug|Any CPU
		{C47F5D79-748E-49AD-8E93-260013B6D24D}.Debug|x64.Build.0 = Debug|Any CPU
		{C47F5D79-748E-49AD-8E93-260013B6D24D}.Debug|x86.ActiveCfg = Debug|Any CPU
		{C47F5D79-748E-49AD-8E93-260013B6D24D}.Debug|x86.Build.0 = Debug|Any CPU
		{C47F5D79-748E-49AD-8E93-260013B6D24D}.Release|Any CPU.ActiveCfg = Release|Any CPU
		{C47F5D79-748E-49AD-8E93-260013B6D24D}.Release|Any CPU.Build.0 = Release|Any CPU
		{C47F5D79-748E-49AD-8E93-260013B6D24D}.Release|x64.ActiveCfg = Release|Any CPU
		{C47F5D79-748E-49AD-8E93-260013B6D24D}.Release|x64.Build.0 = Release|Any CPU
		{C47F5D79-748E-49AD-8E93-260013B6D24D}.Release|x86.ActiveCfg = Release|Any CPU
		{C47F5D79-748E-49AD-8E93-260013B6D24D}.Release|x86.Build.0 = Release|Any CPU
		{48319E31-F57F-4796-91CC-C4B61574417B}.Debug|Any CPU.ActiveCfg = Debug|Any CPU
		{48319E31-F57F-4796-91CC-C4B61574417B}.Debug|Any CPU.Build.0 = Debug|Any CPU
		{48319E31-F57F-4796-91CC-C4B61574417B}.Debug|x64.ActiveCfg = Debug|Any CPU
		{48319E31-F57F-4796-91CC-C4B61574417B}.Debug|x64.Build.0 = Debug|Any CPU
		{48319E31-F57F-4796-91CC-C4B61574417B}.Debug|x86.ActiveCfg = Debug|Any CPU
		{48319E31-F57F-4796-91CC-C4B61574417B}.Debug|x86.Build.0 = Debug|Any CPU
		{48319E31-F57F-4796-91CC-C4B61574417B}.Release|Any CPU.ActiveCfg = Release|Any CPU
		{48319E31-F57F-4796-91CC-C4B61574417B}.Release|Any CPU.Build.0 = Release|Any CPU
		{48319E31-F57F-4796-91CC-C4B61574417B}.Release|x64.ActiveCfg = Release|Any CPU
		{48319E31-F57F-4796-91CC-C4B61574417B}.Release|x64.Build.0 = Release|Any CPU
		{48319E31-F57F-4796-91CC-C4B61574417B}.Release|x86.ActiveCfg = Release|Any CPU
		{48319E31-F57F-4796-91CC-C4B61574417B}.Release|x86.Build.0 = Release|Any CPU
		{9259038C-8240-4634-A24D-2874EBF4C1A3}.Debug|Any CPU.ActiveCfg = Debug|Any CPU
		{9259038C-8240-4634-A24D-2874EBF4C1A3}.Debug|Any CPU.Build.0 = Debug|Any CPU
		{9259038C-8240-4634-A24D-2874EBF4C1A3}.Debug|x64.ActiveCfg = Debug|Any CPU
		{9259038C-8240-4634-A24D-2874EBF4C1A3}.Debug|x64.Build.0 = Debug|Any CPU
		{9259038C-8240-4634-A24D-2874EBF4C1A3}.Debug|x86.ActiveCfg = Debug|Any CPU
		{9259038C-8240-4634-A24D-2874EBF4C1A3}.Debug|x86.Build.0 = Debug|Any CPU
		{9259038C-8240-4634-A24D-2874EBF4C1A3}.Release|Any CPU.ActiveCfg = Release|Any CPU
		{9259038C-8240-4634-A24D-2874EBF4C1A3}.Release|Any CPU.Build.0 = Release|Any CPU
		{9259038C-8240-4634-A24D-2874EBF4C1A3}.Release|x64.ActiveCfg = Release|Any CPU
		{9259038C-8240-4634-A24D-2874EBF4C1A3}.Release|x64.Build.0 = Release|Any CPU
		{9259038C-8240-4634-A24D-2874EBF4C1A3}.Release|x86.ActiveCfg = Release|Any CPU
		{9259038C-8240-4634-A24D-2874EBF4C1A3}.Release|x86.Build.0 = Release|Any CPU
		{22EA2584-A4B8-43AF-9391-1373ED0969DB}.Debug|Any CPU.ActiveCfg = Debug|Any CPU
		{22EA2584-A4B8-43AF-9391-1373ED0969DB}.Debug|Any CPU.Build.0 = Debug|Any CPU
		{22EA2584-A4B8-43AF-9391-1373ED0969DB}.Debug|x64.ActiveCfg = Debug|Any CPU
		{22EA2584-A4B8-43AF-9391-1373ED0969DB}.Debug|x64.Build.0 = Debug|Any CPU
		{22EA2584-A4B8-43AF-9391-1373ED0969DB}.Debug|x86.ActiveCfg = Debug|Any CPU
		{22EA2584-A4B8-43AF-9391-1373ED0969DB}.Debug|x86.Build.0 = Debug|Any CPU
		{22EA2584-A4B8-43AF-9391-1373ED0969DB}.Release|Any CPU.ActiveCfg = Release|Any CPU
		{22EA2584-A4B8-43AF-9391-1373ED0969DB}.Release|Any CPU.Build.0 = Release|Any CPU
		{22EA2584-A4B8-43AF-9391-1373ED0969DB}.Release|x64.ActiveCfg = Release|Any CPU
		{22EA2584-A4B8-43AF-9391-1373ED0969DB}.Release|x64.Build.0 = Release|Any CPU
		{22EA2584-A4B8-43AF-9391-1373ED0969DB}.Release|x86.ActiveCfg = Release|Any CPU
		{22EA2584-A4B8-43AF-9391-1373ED0969DB}.Release|x86.Build.0 = Release|Any CPU
	EndGlobalSection
	GlobalSection(SolutionProperties) = preSolution
		HideSolutionNode = FALSE
	EndGlobalSection
	GlobalSection(NestedProjects) = preSolution
		{C47F5D79-748E-49AD-8E93-260013B6D24D} = {827E0CD3-B72D-47B6-A68D-7590B98EB39B}
		{48319E31-F57F-4796-91CC-C4B61574417B} = {827E0CD3-B72D-47B6-A68D-7590B98EB39B}
		{9259038C-8240-4634-A24D-2874EBF4C1A3} = {827E0CD3-B72D-47B6-A68D-7590B98EB39B}
		{22EA2584-A4B8-43AF-9391-1373ED0969DB} = {827E0CD3-B72D-47B6-A68D-7590B98EB39B}
	EndGlobalSection
EndGlobal
